{
  "name": "book-review-tracker",
  "version": "1.0.0",
  "lockfileVersion": 3,
  "requires": true,
  "packages": {
    "": {
      "name": "book-review-tracker",
      "version": "1.0.0",
      "license": "ISC",
      "dependencies": {
        "@supabase/supabase-js": "^2.43.4"
      }
    },
    "node_modules/@supabase/auth-js": {
      "version": "2.79.0",
      "resolved": "https://registry.npmjs.org/@supabase/auth-js/-/auth-js-2.79.0.tgz",
      "integrity": "sha512-p2GKvdbF9d/6C+dtS6iNcSicPr6eUfkvovD60HWlWsD+oOjC483DzFWrzGjNpBwnswhfMRP8Qn3rYA0VWaOfjw==",
      "license": "MIT",
      "dependencies": {
        "tslib": "2.8.1"
      },
      "engines": {
        "node": ">=20.0.0"
      }
    },
    "node_modules/@supabase/functions-js": {
      "version": "2.79.0",
      "resolved": "https://registry.npmjs.org/@supabase/functions-js/-/functions-js-2.79.0.tgz",
      "integrity": "sha512-WaiU6b+Z+ZfJOjFhpMKdajt42weiFUrA6TVW5oGd6WfPGajFiKZJJIAvuK0g7KDKaYowtQrOo5+Ais+PcuZ1qA==",
      "license": "MIT",
      "dependencies": {
        "tslib": "2.8.1"
      },
      "engines": {
        "node": ">=20.0.0"
      }
    },
    "node_modules/@supabase/postgrest-js": {
      "version": "2.79.0",
      "resolved": "https://registry.npmjs.org/@supabase/postgrest-js/-/postgrest-js-2.79.0.tgz",
      "integrity": "sha512-2i8EFm3/49ecjt6dk/TGVROBbtOmhryiC4NL3u0FBIrm2hqj+FvbELv1jjM6r+a6abnh+uzIV/bFsWHAa/k3/w==",
      "license": "MIT",
      "dependencies": {
        "tslib": "2.8.1"
      },
      "engines": {
        "node": ">=20.0.0"
      }
    },
    "node_modules/@supabase/realtime-js": {
      "version": "2.79.0",
      "resolved": "https://registry.npmjs.org/@supabase/realtime-js/-/realtime-js-2.79.0.tgz",
      "integrity": "sha512-foaZujNBycAqLizUcuLyyFyDitfPnEMVO4CiKXNwaMCDVMoVX4QR6n4gpJLUC5BGzc20Mte6vSJLbk4MN90Prw==",
      "license": "MIT",
      "dependencies": {
        "@types/phoenix": "^1.6.6",
        "@types/ws": "^8.18.1",
        "tslib": "2.8.1",
        "ws": "^8.18.2"
      },
      "engines": {
        "node": ">=20.0.0"
      }
    },
    "node_modules/@supabase/storage-js": {
      "version": "2.79.0",
      "resolved": "https://registry.npmjs.org/@supabase/storage-js/-/storage-js-2.79.0.tgz",
      "integrity": "sha512-PLSeKX1/BZhGWCT972w4TvVOCcw/xh4TsowtUBiZvPx4OdHT7dB1q0DXKwVUfKbWk5UUC+6XAq4ZU/ZCtdgn6w==",
      "license": "MIT",
      "dependencies": {
        "tslib": "2.8.1"
      },
      "engines": {
        "node": ">=20.0.0"
      }
    },
    "node_modules/@supabase/supabase-js": {
      "version": "2.79.0",
      "resolved": "https://registry.npmjs.org/@supabase/supabase-js/-/supabase-js-2.79.0.tgz",
      "integrity": "sha512-x9ndEaBSwoRnFOOZGhh2CeV69Uz4B/EOSGCbKysDhTiYakiCAdDXaNuLPluviKU/Aot+F7BglXZDZ0YJ3GpGrw==",
      "license": "MIT",
      "dependencies": {
        "@supabase/auth-js": "2.79.0",
        "@supabase/functions-js": "2.79.0",
        "@supabase/postgrest-js": "2.79.0",
        "@supabase/realtime-js": "2.79.0",
        "@supabase/storage-js": "2.79.0"
      },
      "engines": {
        "node": ">=20.0.0"
      }
    },
    "node_modules/@types/node": {
      "version": "24.10.0",
      "resolved": "https://registry.npmjs.org/@types/node/-/node-24.10.0.tgz",
      "integrity": "sha512-qzQZRBqkFsYyaSWXuEHc2WR9c0a0CXwiE5FWUvn7ZM+vdy1uZLfCunD38UzhuB7YN/J11ndbDBcTmOdxJo9Q7A==",
      "license": "MIT",
      "dependencies": {
        "undici-types": "~7.16.0"
      }
    },
    "node_modules/@types/phoenix": {
      "version": "1.6.6",
      "resolved": "https://registry.npmjs.org/@types/phoenix/-/phoenix-1.6.6.tgz",
      "integrity": "sha512-PIzZZlEppgrpoT2QgbnDU+MMzuR6BbCjllj0bM70lWoejMeNJAxCchxnv7J3XFkI8MpygtRpzXrIlmWUBclP5A==",
      "license": "MIT"
    },
    "node_modules/@types/ws": {
      "version": "8.18.1",
      "resolved": "https://registry.npmjs.org/@types/ws/-/ws-8.18.1.tgz",
      "integrity": "sha512-ThVF6DCVhA8kUGy+aazFQ4kXQ7E1Ty7A3ypFOe0IcJV8O/M511G99AW24irKrW56Wt44yG9+ij8FaqoBGkuBXg==",
      "license": "MIT",
      "dependencies": {
        "@types/node": "*"
      }
    },
    "node_modules/tslib": {
      "version": "2.8.1",
      "resolved": "https://registry.npmjs.org/tslib/-/tslib-2.8.1.tgz",
      "integrity": "sha512-oJFu94HQb+KVduSUQL7wnpmqnfmLsOA/nAh6b6EH0wCEoK0/mPeXU6c3wKDV83MkOuHPRHtSXKKU99IBazS/2w==",
      "license": "0BSD"
    },
    "node_modules/undici-types": {
      "version": "7.16.0",
      "resolved": "https://registry.npmjs.org/undici-types/-/undici-types-7.16.0.tgz",
      "integrity": "sha512-Zz+aZWSj8LE6zoxD+xrjh4VfkIG8Ya6LvYkZqtUQGJPZjYl53ypCaUwWqo7eI0x66KBGeRo+mlBEkMSeSZ38Nw==",
      "license": "MIT"
    },
    "node_modules/ws": {
      "version": "8.18.3",
      "resolved": "https://registry.npmjs.org/ws/-/ws-8.18.3.tgz",
      "integrity": "sha512-PEIGCY5tSlUt50cqyMXfCzX+oOPqN0vuGqWzbcJ2xvnkzkq46oOpz7dQaTDBdfICb4N14+GARUDw2XV2N4tvzg==",
      "license": "MIT",
      "engines": {
        "node": ">=10.0.0"
      },
      "peerDependencies": {
        "bufferutil": "^4.0.1",
        "utf-8-validate": ">=5.0.2"
      },
      "peerDependenciesMeta": {
        "bufferutil": {
          "optional": true
        },
        "utf-8-validate": {
          "optional": true
        }
      }
    }
  }
}
